
Microsoft Visual Studio Solution File, Format Version 12.00
# Visual Studio 2017
Project("{FAE04EC0-301F-11D3-BF4B-00C04F79EFBC}") = "mikko_targetSelectionProject_v7 - Cleaned", "mikko_targetSelectionProject_v7 - Cleaned.csproj", "{D92BA21B-4D18-20DA-246F-09E250B0F2A6}"
EndProject
Project("{FAE04EC0-301F-11D3-BF4B-00C04F79EFBC}") = "mikko_targetSelectionProject_v7 - Cleaned.Editor", "mikko_targetSelectionProject_v7 - Cleaned.Editor.csproj", "{C19866CE-4355-A501-4FB7-AA9F0AB788EB}"
EndProject
Global
	GlobalSection(SolutionConfigurationPlatforms) = preSolution
		Debug|Any CPU = Debug|Any CPU
		Release|Any CPU = Release|Any CPU
	EndGlobalSection
	GlobalSection(ProjectConfigurationPlatforms) = postSolution
		{D92BA21B-4D18-20DA-246F-09E250B0F2A6}.Debug|Any CPU.ActiveCfg = Debug|Any CPU
		{D92BA21B-4D18-20DA-246F-09E250B0F2A6}.Debug|Any CPU.Build.0 = Debug|Any CPU
		{D92BA21B-4D18-20DA-246F-09E250B0F2A6}.Release|Any CPU.ActiveCfg = Release|Any CPU
		{D92BA21B-4D18-20DA-246F-09E250B0F2A6}.Release|Any CPU.Build.0 = Release|Any CPU
		{C19866CE-4355-A501-4FB7-AA9F0AB788EB}.Debug|Any CPU.ActiveCfg = Debug|Any CPU
		{C19866CE-4355-A501-4FB7-AA9F0AB788EB}.Debug|Any CPU.Build.0 = Debug|Any CPU
		{C19866CE-4355-A501-4FB7-AA9F0AB788EB}.Release|Any CPU.ActiveCfg = Release|Any CPU
		{C19866CE-4355-A501-4FB7-AA9F0AB788EB}.Release|Any CPU.Build.0 = Release|Any CPU
	EndGlobalSection
	GlobalSection(SolutionProperties) = preSolution
		HideSolutionNode = FALSE
	EndGlobalSection
EndGlobal
